
Microsoft Visual Studio Solution File, Format Version 12.00
# Visual Studio Version 17
VisualStudioVersion = 17.3.32811.315
MinimumVisualStudioVersion = 10.0.40219.1
Project("{FAE04EC0-301F-11D3-BF4B-00C04F79EFBC}") = "Vyjimky04", "Vyjimky04.csproj", "{96AC9A5A-0049-4DF8-8DEE-346925EA7FBA}"
EndProject
Global
	GlobalSection(SolutionConfigurationPlatforms) = preSolution
		Debug|Any CPU = Debug|Any CPU
		Release|Any CPU = Release|Any CPU
	EndGlobalSection
	GlobalSection(ProjectConfigurationPlatforms) = postSolution
		{96AC9A5A-0049-4DF8-8DEE-346925EA7FBA}.Debug|Any CPU.ActiveCfg = Debug|Any CPU
		{96AC9A5A-0049-4DF8-8DEE-346925EA7FBA}.Debug|Any CPU.Build.0 = Debug|Any CPU
		{96AC9A5A-0049-4DF8-8DEE-346925EA7FBA}.Release|Any CPU.ActiveCfg = Release|Any CPU
		{96AC9A5A-0049-4DF8-8DEE-346925EA7FBA}.Release|Any CPU.Build.0 = Release|Any CPU
	EndGlobalSection
	GlobalSection(SolutionProperties) = preSolution
		HideSolutionNode = FALSE
	EndGlobalSection
	GlobalSection(ExtensibilityGlobals) = postSolution
		SolutionGuid = {D71EB0D0-75E1-4857-B97C-F6F08E3DEB02}
	EndGlobalSection
EndGlobal
